
Microsoft Visual Studio Solution File, Format Version 12.00
# Visual Studio Version 17
VisualStudioVersion = 17.12.35309.182
MinimumVisualStudioVersion = 10.0.40219.1
Project("{FAE04EC0-301F-11D3-BF4B-00C04F79EFBC}") = "XamlIslandsNet9", "XamlIslandsNet9.csproj", "{B08F0508-4F28-4025-AE71-9FD29B6E9CD7}"
EndProject
Global
	GlobalSection(SolutionConfigurationPlatforms) = preSolution
		Debug|arm64 = Debug|arm64
		Debug|x64 = Debug|x64
		Debug|x86 = Debug|x86
		Release|arm64 = Release|arm64
		Release|x64 = Release|x64
		Release|x86 = Release|x86
	EndGlobalSection
	GlobalSection(ProjectConfigurationPlatforms) = postSolution
		{B08F0508-4F28-4025-AE71-9FD29B6E9CD7}.Debug|arm64.ActiveCfg = Debug|arm64
		{B08F0508-4F28-4025-AE71-9FD29B6E9CD7}.Debug|arm64.Build.0 = Debug|arm64
		{B08F0508-4F28-4025-AE71-9FD29B6E9CD7}.Debug|arm64.Deploy.0 = Debug|arm64
		{B08F0508-4F28-4025-AE71-9FD29B6E9CD7}.Debug|x64.ActiveCfg = Debug|x64
		{B08F0508-4F28-4025-AE71-9FD29B6E9CD7}.Debug|x64.Build.0 = Debug|x64
		{B08F0508-4F28-4025-AE71-9FD29B6E9CD7}.Debug|x64.Deploy.0 = Debug|x64
		{B08F0508-4F28-4025-AE71-9FD29B6E9CD7}.Debug|x86.ActiveCfg = Debug|x86
		{B08F0508-4F28-4025-AE71-9FD29B6E9CD7}.Debug|x86.Build.0 = Debug|x86
		{B08F0508-4F28-4025-AE71-9FD29B6E9CD7}.Debug|x86.Deploy.0 = Debug|x86
		{B08F0508-4F28-4025-AE71-9FD29B6E9CD7}.Release|arm64.ActiveCfg = Release|arm64
		{B08F0508-4F28-4025-AE71-9FD29B6E9CD7}.Release|arm64.Build.0 = Release|arm64
		{B08F0508-4F28-4025-AE71-9FD29B6E9CD7}.Release|arm64.Deploy.0 = Release|arm64
		{B08F0508-4F28-4025-AE71-9FD29B6E9CD7}.Release|x64.ActiveCfg = Release|x64
		{B08F0508-4F28-4025-AE71-9FD29B6E9CD7}.Release|x64.Build.0 = Release|x64
		{B08F0508-4F28-4025-AE71-9FD29B6E9CD7}.Release|x64.Deploy.0 = Release|x64
		{B08F0508-4F28-4025-AE71-9FD29B6E9CD7}.Release|x86.ActiveCfg = Release|x86
		{B08F0508-4F28-4025-AE71-9FD29B6E9CD7}.Release|x86.Build.0 = Release|x86
		{B08F0508-4F28-4025-AE71-9FD29B6E9CD7}.Release|x86.Deploy.0 = Release|x86
	EndGlobalSection
	GlobalSection(SolutionProperties) = preSolution
		HideSolutionNode = FALSE
	EndGlobalSection
	GlobalSection(ExtensibilityGlobals) = postSolution
		SolutionGuid = {966ADDC3-8B89-4497-8DB0-22938B8D00B8}
	EndGlobalSection
EndGlobal
